# THIS IS AN AUTOGENERATED FILE. DO NOT EDIT THIS FILE DIRECTLY.
# yarn lockfile v1


"@codexteam/icons@^0.0.5":
  version "0.0.5"
  resolved "https://registry.yarnpkg.com/@codexteam/icons/-/icons-0.0.5.tgz#d17f39b6a0497c6439f57dd42711817a3dd3679c"
  integrity sha512-s6H2KXhLz2rgbMZSkRm8dsMJvyUNZsEjxobBEg9ztdrb1B2H3pEzY6iTwI4XUPJWJ3c3qRKwV4TrO3J5jUdoQA==

"@codexteam/icons@^0.3.2":
  version "0.3.3"
  resolved "https://registry.yarnpkg.com/@codexteam/icons/-/icons-0.3.3.tgz#89d53af1d2bfc106e4e44be5fd824a059e94c098"
  integrity sha512-cp7mkZPgmBuSxigTm3Vb+DtVHYeX7qXfQd7o05vcLD8Ag5WvRlol2QSn5P10k0CDAJwmkH9nQGQLBycErS9lsQ==

"@editorjs/marker@^1.4.0":
  version "1.4.0"
  resolved "https://registry.yarnpkg.com/@editorjs/marker/-/marker-1.4.0.tgz#c5553c54ced70d28502fb47f2dbc7d50c53fc88e"
  integrity sha512-5ipEXfL44jTTRzgNp/p/YjMO7jT08S5z4V8qA3FFJTfdhKgQyM3mvP1zpdYKw47ZZpVWMCncvk5Nto3BxihEtg==
  dependencies:
    "@codexteam/icons" "^0.0.5"

"@editorjs/underline@^1.2.1":
  version "1.2.1"
  resolved "https://registry.yarnpkg.com/@editorjs/underline/-/underline-1.2.1.tgz#72ad63e9821b2ebca17f25536682b53b7a2c90df"
  integrity sha512-LjJ01ia6Pj0Z/elifycp9+T1bQs0eXNnIcEYKOlk0sGHLy88DPcBOh9oz1i+uWarZ4AjGsvSMaptpWe+yQNsjQ==
  dependencies:
    "@codexteam/icons" "^0.3.2"
